
Microsoft Visual Studio Solution File, Format Version 12.00
# Visual Studio Version 17
VisualStudioVersion = 17.12.35527.113
MinimumVisualStudioVersion = 10.0.40219.1
Project("{FAE04EC0-301F-11D3-BF4B-00C04F79EFBC}") = "ProductCatalog.Domain", "..\ProductCatalog.Domain\ProductCatalog.Domain.csproj", "{D23641F0-B08D-4602-850F-FCA0D6E72ECA}"
EndProject
Project("{FAE04EC0-301F-11D3-BF4B-00C04F79EFBC}") = "ProductCatalog", "ProductCatalog\ProductCatalog.csproj", "{66BE8117-E488-4F57-A7FB-351AFBF1662E}"
EndProject
Project("{FAE04EC0-301F-11D3-BF4B-00C04F79EFBC}") = "ProductCatalog.Application", "ProductCatalog.Application\ProductCatalog.Application.csproj", "{5CE75FC9-7BB7-45F3-922D-71454D57D8DE}"
EndProject
Project("{FAE04EC0-301F-11D3-BF4B-00C04F79EFBC}") = "ProductCatalog.Infrastructure", "ProductCatalog.Infrastructure\ProductCatalog.Infrastructure.csproj", "{1462541A-7B79-4355-8D7E-C67B3C014A98}"
EndProject
Project("{FAE04EC0-301F-11D3-BF4B-00C04F79EFBC}") = "ProductCatalog.Tests", "ProductCatalog.Tests\ProductCatalog.Tests.csproj", "{C0BFF6EB-1878-4A41-B091-2164C768B02D}"
EndProject
Global
	GlobalSection(SolutionConfigurationPlatforms) = preSolution
		Debug|Any CPU = Debug|Any CPU
		Release|Any CPU = Release|Any CPU
	EndGlobalSection
	GlobalSection(ProjectConfigurationPlatforms) = postSolution
		{D23641F0-B08D-4602-850F-FCA0D6E72ECA}.Debug|Any CPU.ActiveCfg = Debug|Any CPU
		{D23641F0-B08D-4602-850F-FCA0D6E72ECA}.Debug|Any CPU.Build.0 = Debug|Any CPU
		{D23641F0-B08D-4602-850F-FCA0D6E72ECA}.Release|Any CPU.ActiveCfg = Release|Any CPU
		{D23641F0-B08D-4602-850F-FCA0D6E72ECA}.Release|Any CPU.Build.0 = Release|Any CPU
		{66BE8117-E488-4F57-A7FB-351AFBF1662E}.Debug|Any CPU.ActiveCfg = Debug|Any CPU
		{66BE8117-E488-4F57-A7FB-351AFBF1662E}.Debug|Any CPU.Build.0 = Debug|Any CPU
		{66BE8117-E488-4F57-A7FB-351AFBF1662E}.Release|Any CPU.ActiveCfg = Release|Any CPU
		{66BE8117-E488-4F57-A7FB-351AFBF1662E}.Release|Any CPU.Build.0 = Release|Any CPU
		{5CE75FC9-7BB7-45F3-922D-71454D57D8DE}.Debug|Any CPU.ActiveCfg = Debug|Any CPU
		{5CE75FC9-7BB7-45F3-922D-71454D57D8DE}.Debug|Any CPU.Build.0 = Debug|Any CPU
		{5CE75FC9-7BB7-45F3-922D-71454D57D8DE}.Release|Any CPU.ActiveCfg = Release|Any CPU
		{5CE75FC9-7BB7-45F3-922D-71454D57D8DE}.Release|Any CPU.Build.0 = Release|Any CPU
		{1462541A-7B79-4355-8D7E-C67B3C014A98}.Debug|Any CPU.ActiveCfg = Debug|Any CPU
		{1462541A-7B79-4355-8D7E-C67B3C014A98}.Debug|Any CPU.Build.0 = Debug|Any CPU
		{1462541A-7B79-4355-8D7E-C67B3C014A98}.Release|Any CPU.ActiveCfg = Release|Any CPU
		{1462541A-7B79-4355-8D7E-C67B3C014A98}.Release|Any CPU.Build.0 = Release|Any CPU
		{C0BFF6EB-1878-4A41-B091-2164C768B02D}.Debug|Any CPU.ActiveCfg = Debug|Any CPU
		{C0BFF6EB-1878-4A41-B091-2164C768B02D}.Debug|Any CPU.Build.0 = Debug|Any CPU
		{C0BFF6EB-1878-4A41-B091-2164C768B02D}.Release|Any CPU.ActiveCfg = Release|Any CPU
		{C0BFF6EB-1878-4A41-B091-2164C768B02D}.Release|Any CPU.Build.0 = Release|Any CPU
	EndGlobalSection
	GlobalSection(SolutionProperties) = preSolution
		HideSolutionNode = FALSE
	EndGlobalSection
EndGlobal
